// !$*UTF8*$!
{
	archiveVersion = 1;
	classes = {
	};
	objectVersion = 46;
	objects = {

/* Begin PBXBuildFile section */
		740755AB1D5B31A6007F8225 /* SuitTests.swift in Sources */ = {isa = PBXBuildFile; fileRef = 740755AA1D5B31A6007F8225 /* SuitTests.swift */; };
		740755AD1D5B39DA007F8225 /* RankTests.swift in Sources */ = {isa = PBXBuildFile; fileRef = 740755AC1D5B39DA007F8225 /* RankTests.swift */; };
		740755AF1D5B40FE007F8225 /* RuleTests.swift in Sources */ = {isa = PBXBuildFile; fileRef = 740755AE1D5B40FE007F8225 /* RuleTests.swift */; };
		740755B11D5B4380007F8225 /* PyramidTests.swift in Sources */ = {isa = PBXBuildFile; fileRef = 740755B01D5B4380007F8225 /* PyramidTests.swift */; };
		741668D51D571A090013437D /* RoundTests.swift in Sources */ = {isa = PBXBuildFile; fileRef = 741668D41D571A090013437D /* RoundTests.swift */; };
		74175B701D617D02006A9AC7 /* GameViewController.swift in Sources */ = {isa = PBXBuildFile; fileRef = 74175B6D1D617D02006A9AC7 /* GameViewController.swift */; };
		74175B721D617D02006A9AC7 /* ViewController.swift in Sources */ = {isa = PBXBuildFile; fileRef = 74175B6F1D617D02006A9AC7 /* ViewController.swift */; };
		74175B781D617D5F006A9AC7 /* ChoicesText.swift in Sources */ = {isa = PBXBuildFile; fileRef = 74175B731D617D5F006A9AC7 /* ChoicesText.swift */; };
		74175B791D617D5F006A9AC7 /* PlayerChoices.swift in Sources */ = {isa = PBXBuildFile; fileRef = 74175B741D617D5F006A9AC7 /* PlayerChoices.swift */; };
		74175B7A1D617D5F006A9AC7 /* Rank.swift in Sources */ = {isa = PBXBuildFile; fileRef = 74175B751D617D5F006A9AC7 /* Rank.swift */; };
		74175B7B1D617D5F006A9AC7 /* Rule.swift in Sources */ = {isa = PBXBuildFile; fileRef = 74175B761D617D5F006A9AC7 /* Rule.swift */; };
		74175B7C1D617D5F006A9AC7 /* Suit.swift in Sources */ = {isa = PBXBuildFile; fileRef = 74175B771D617D5F006A9AC7 /* Suit.swift */; };
		74175B811D617D80006A9AC7 /* Rank+successor.swift in Sources */ = {isa = PBXBuildFile; fileRef = 74175B7D1D617D80006A9AC7 /* Rank+successor.swift */; };
		74175B821D617D80006A9AC7 /* String+subscript.swift in Sources */ = {isa = PBXBuildFile; fileRef = 74175B7E1D617D80006A9AC7 /* String+subscript.swift */; };
		74175B831D617D80006A9AC7 /* Suit+successor.swift in Sources */ = {isa = PBXBuildFile; fileRef = 74175B7F1D617D80006A9AC7 /* Suit+successor.swift */; };
		74175B8B1D617DA9006A9AC7 /* Card.swift in Sources */ = {isa = PBXBuildFile; fileRef = 74175B851D617DA9006A9AC7 /* Card.swift */; };
		74175B8C1D617DA9006A9AC7 /* Deck.swift in Sources */ = {isa = PBXBuildFile; fileRef = 74175B861D617DA9006A9AC7 /* Deck.swift */; };
		74175B8D1D617DA9006A9AC7 /* Player.swift in Sources */ = {isa = PBXBuildFile; fileRef = 74175B871D617DA9006A9AC7 /* Player.swift */; };
		74175B8E1D617DA9006A9AC7 /* Pyramid.swift in Sources */ = {isa = PBXBuildFile; fileRef = 74175B881D617DA9006A9AC7 /* Pyramid.swift */; };
		74175B8F1D617DA9006A9AC7 /* PyramidRound.swift in Sources */ = {isa = PBXBuildFile; fileRef = 74175B891D617DA9006A9AC7 /* PyramidRound.swift */; };
		74175B901D617DA9006A9AC7 /* Round.swift in Sources */ = {isa = PBXBuildFile; fileRef = 74175B8A1D617DA9006A9AC7 /* Round.swift */; };
		74175B931D617DC5006A9AC7 /* ButtonView.swift in Sources */ = {isa = PBXBuildFile; fileRef = 74175B911D617DC5006A9AC7 /* ButtonView.swift */; };
		74175B941D617DC5006A9AC7 /* StatusView.swift in Sources */ = {isa = PBXBuildFile; fileRef = 74175B921D617DC5006A9AC7 /* StatusView.swift */; };
		74175B961D617DEF006A9AC7 /* GameScene.swift in Sources */ = {isa = PBXBuildFile; fileRef = 74175B951D617DEF006A9AC7 /* GameScene.swift */; };
		742F6BEE1D6599F7007A1A78 /* FireParticles.sks in Resources */ = {isa = PBXBuildFile; fileRef = 742F6BED1D6599F7007A1A78 /* FireParticles.sks */; };
		742F6BF01D659B34007A1A78 /* spark.png in Resources */ = {isa = PBXBuildFile; fileRef = 742F6BEF1D659B34007A1A78 /* spark.png */; };
		742F6BF21D659E62007A1A78 /* SmokeParticle.sks in Resources */ = {isa = PBXBuildFile; fileRef = 742F6BF11D659E62007A1A78 /* SmokeParticle.sks */; };
		743924D81D569C0000F1A17D /* AppDelegate.swift in Sources */ = {isa = PBXBuildFile; fileRef = 743924D71D569C0000F1A17D /* AppDelegate.swift */; };
		743924DD1D569C0000F1A17D /* Main.storyboard in Resources */ = {isa = PBXBuildFile; fileRef = 743924DB1D569C0000F1A17D /* Main.storyboard */; };
		743924DF1D569C0000F1A17D /* Assets.xcassets in Resources */ = {isa = PBXBuildFile; fileRef = 743924DE1D569C0000F1A17D /* Assets.xcassets */; };
		743924E21D569C0000F1A17D /* LaunchScreen.storyboard in Resources */ = {isa = PBXBuildFile; fileRef = 743924E01D569C0000F1A17D /* LaunchScreen.storyboard */; };
		743924FC1D56D9D500F1A17D /* CardTests.swift in Sources */ = {isa = PBXBuildFile; fileRef = 743924FB1D56D9D500F1A17D /* CardTests.swift */; };
		7439250E1D56F95500F1A17D /* DeckTests.swift in Sources */ = {isa = PBXBuildFile; fileRef = 7439250D1D56F95500F1A17D /* DeckTests.swift */; };
		74B8A2C91D6A834C00D4E777 /* SmokeOrFireUITests.swift in Sources */ = {isa = PBXBuildFile; fileRef = 74B8A2C81D6A834C00D4E777 /* SmokeOrFireUITests.swift */; };
		B5644F9A1D56EB1800FB48BA /* PlayerTests.swift in Sources */ = {isa = PBXBuildFile; fileRef = B5644F991D56EB1800FB48BA /* PlayerTests.swift */; };
/* End PBXBuildFile section */

/* Begin PBXContainerItemProxy section */
		743924F61D56D98A00F1A17D /* PBXContainerItemProxy */ = {
			isa = PBXContainerItemProxy;
			containerPortal = 743924CC1D569C0000F1A17D /* Project object */;
			proxyType = 1;
			remoteGlobalIDString = 743924D31D569C0000F1A17D;
			remoteInfo = SmokeOrFire;
		};
		74B8A2CB1D6A834C00D4E777 /* PBXContainerItemProxy */ = {
			isa = PBXContainerItemProxy;
			containerPortal = 743924CC1D569C0000F1A17D /* Project object */;
			proxyType = 1;
			remoteGlobalIDString = 743924D31D569C0000F1A17D;
			remoteInfo = SmokeOrFire;
		};
/* End PBXContainerItemProxy section */

/* Begin PBXFileReference section */
		740755AA1D5B31A6007F8225 /* SuitTests.swift */ = {isa = PBXFileReference; fileEncoding = 4; lastKnownFileType = sourcecode.swift; path = SuitTests.swift; sourceTree = "<group>"; };
		740755AC1D5B39DA007F8225 /* RankTests.swift */ = {isa = PBXFileReference; fileEncoding = 4; lastKnownFileType = sourcecode.swift; path = RankTests.swift; sourceTree = "<group>"; };
		740755AE1D5B40FE007F8225 /* RuleTests.swift */ = {isa = PBXFileReference; fileEncoding = 4; lastKnownFileType = sourcecode.swift; path = RuleTests.swift; sourceTree = "<group>"; };
		740755B01D5B4380007F8225 /* PyramidTests.swift */ = {isa = PBXFileReference; fileEncoding = 4; lastKnownFileType = sourcecode.swift; path = PyramidTests.swift; sourceTree = "<group>"; };
		741668D41D571A090013437D /* RoundTests.swift */ = {isa = PBXFileReference; fileEncoding = 4; lastKnownFileType = sourcecode.swift; path = RoundTests.swift; sourceTree = "<group>"; };
		74175B6D1D617D02006A9AC7 /* GameViewController.swift */ = {isa = PBXFileReference; fileEncoding = 4; lastKnownFileType = sourcecode.swift; name = GameViewController.swift; path = Controllers/GameViewController.swift; sourceTree = "<group>"; };
		74175B6F1D617D02006A9AC7 /* ViewController.swift */ = {isa = PBXFileReference; fileEncoding = 4; lastKnownFileType = sourcecode.swift; name = ViewController.swift; path = Controllers/ViewController.swift; sourceTree = "<group>"; };
		74175B731D617D5F006A9AC7 /* ChoicesText.swift */ = {isa = PBXFileReference; fileEncoding = 4; lastKnownFileType = sourcecode.swift; name = ChoicesText.swift; path = Enums/ChoicesText.swift; sourceTree = "<group>"; };
		74175B741D617D5F006A9AC7 /* PlayerChoices.swift */ = {isa = PBXFileReference; fileEncoding = 4; lastKnownFileType = sourcecode.swift; name = PlayerChoices.swift; path = Enums/PlayerChoices.swift; sourceTree = "<group>"; };
		74175B751D617D5F006A9AC7 /* Rank.swift */ = {isa = PBXFileReference; fileEncoding = 4; lastKnownFileType = sourcecode.swift; name = Rank.swift; path = Enums/Rank.swift; sourceTree = "<group>"; };
		74175B761D617D5F006A9AC7 /* Rule.swift */ = {isa = PBXFileReference; fileEncoding = 4; lastKnownFileType = sourcecode.swift; name = Rule.swift; path = Enums/Rule.swift; sourceTree = "<group>"; };
		74175B771D617D5F006A9AC7 /* Suit.swift */ = {isa = PBXFileReference; fileEncoding = 4; lastKnownFileType = sourcecode.swift; name = Suit.swift; path = Enums/Suit.swift; sourceTree = "<group>"; };
		74175B7D1D617D80006A9AC7 /* Rank+successor.swift */ = {isa = PBXFileReference; fileEncoding = 4; lastKnownFileType = sourcecode.swift; name = "Rank+successor.swift"; path = "Extensions/Rank+successor.swift"; sourceTree = "<group>"; };
		74175B7E1D617D80006A9AC7 /* String+subscript.swift */ = {isa = PBXFileReference; fileEncoding = 4; lastKnownFileType = sourcecode.swift; name = "String+subscript.swift"; path = "Extensions/String+subscript.swift"; sourceTree = "<group>"; };
		74175B7F1D617D80006A9AC7 /* Suit+successor.swift */ = {isa = PBXFileReference; fileEncoding = 4; lastKnownFileType = sourcecode.swift; name = "Suit+successor.swift"; path = "Extensions/Suit+successor.swift"; sourceTree = "<group>"; };
		74175B851D617DA9006A9AC7 /* Card.swift */ = {isa = PBXFileReference; fileEncoding = 4; lastKnownFileType = sourcecode.swift; name = Card.swift; path = Objects/Card.swift; sourceTree = "<group>"; };
		74175B861D617DA9006A9AC7 /* Deck.swift */ = {isa = PBXFileReference; fileEncoding = 4; lastKnownFileType = sourcecode.swift; name = Deck.swift; path = Objects/Deck.swift; sourceTree = "<group>"; };
		74175B871D617DA9006A9AC7 /* Player.swift */ = {isa = PBXFileReference; fileEncoding = 4; lastKnownFileType = sourcecode.swift; name = Player.swift; path = Objects/Player.swift; sourceTree = "<group>"; };
		74175B881D617DA9006A9AC7 /* Pyramid.swift */ = {isa = PBXFileReference; fileEncoding = 4; lastKnownFileType = sourcecode.swift; name = Pyramid.swift; path = Objects/Pyramid.swift; sourceTree = "<group>"; };
		74175B891D617DA9006A9AC7 /* PyramidRound.swift */ = {isa = PBXFileReference; fileEncoding = 4; lastKnownFileType = sourcecode.swift; name = PyramidRound.swift; path = Objects/PyramidRound.swift; sourceTree = "<group>"; };
		74175B8A1D617DA9006A9AC7 /* Round.swift */ = {isa = PBXFileReference; fileEncoding = 4; lastKnownFileType = sourcecode.swift; name = Round.swift; path = Objects/Round.swift; sourceTree = "<group>"; };
		74175B911D617DC5006A9AC7 /* ButtonView.swift */ = {isa = PBXFileReference; fileEncoding = 4; lastKnownFileType = sourcecode.swift; name = ButtonView.swift; path = Views/ButtonView.swift; sourceTree = "<group>"; };
		74175B921D617DC5006A9AC7 /* StatusView.swift */ = {isa = PBXFileReference; fileEncoding = 4; lastKnownFileType = sourcecode.swift; name = StatusView.swift; path = Views/StatusView.swift; sourceTree = "<group>"; };
		74175B951D617DEF006A9AC7 /* GameScene.swift */ = {isa = PBXFileReference; fileEncoding = 4; lastKnownFileType = sourcecode.swift; name = GameScene.swift; path = Scenes/GameScene.swift; sourceTree = "<group>"; };
		742F6BED1D6599F7007A1A78 /* FireParticles.sks */ = {isa = PBXFileReference; lastKnownFileType = file.sks; name = FireParticles.sks; path = Content/FireParticles.sks; sourceTree = "<group>"; };
		742F6BEF1D659B34007A1A78 /* spark.png */ = {isa = PBXFileReference; lastKnownFileType = image.png; name = spark.png; path = Content/spark.png; sourceTree = "<group>"; };
		742F6BF11D659E62007A1A78 /* SmokeParticle.sks */ = {isa = PBXFileReference; lastKnownFileType = file.sks; name = SmokeParticle.sks; path = Content/SmokeParticle.sks; sourceTree = "<group>"; };
		743924D41D569C0000F1A17D /* Smoke or Fire.app */ = {isa = PBXFileReference; explicitFileType = wrapper.application; includeInIndex = 0; path = "Smoke or Fire.app"; sourceTree = BUILT_PRODUCTS_DIR; };
		743924D71D569C0000F1A17D /* AppDelegate.swift */ = {isa = PBXFileReference; lastKnownFileType = sourcecode.swift; path = AppDelegate.swift; sourceTree = "<group>"; };
		743924DC1D569C0000F1A17D /* Base */ = {isa = PBXFileReference; lastKnownFileType = file.storyboard; name = Base; path = Base.lproj/Main.storyboard; sourceTree = "<group>"; };
		743924DE1D569C0000F1A17D /* Assets.xcassets */ = {isa = PBXFileReference; lastKnownFileType = folder.assetcatalog; path = Assets.xcassets; sourceTree = "<group>"; };
		743924E11D569C0000F1A17D /* Base */ = {isa = PBXFileReference; lastKnownFileType = file.storyboard; name = Base; path = Base.lproj/LaunchScreen.storyboard; sourceTree = "<group>"; };
		743924E31D569C0000F1A17D /* Info.plist */ = {isa = PBXFileReference; lastKnownFileType = text.plist.xml; path = Info.plist; sourceTree = "<group>"; };
		743924F11D56D98A00F1A17D /* SmokeOrFireTests.xctest */ = {isa = PBXFileReference; explicitFileType = wrapper.cfbundle; includeInIndex = 0; path = SmokeOrFireTests.xctest; sourceTree = BUILT_PRODUCTS_DIR; };
		743924F51D56D98A00F1A17D /* Info.plist */ = {isa = PBXFileReference; lastKnownFileType = text.plist.xml; path = Info.plist; sourceTree = "<group>"; };
		743924FB1D56D9D500F1A17D /* CardTests.swift */ = {isa = PBXFileReference; fileEncoding = 4; lastKnownFileType = sourcecode.swift; path = CardTests.swift; sourceTree = "<group>"; };
		7439250D1D56F95500F1A17D /* DeckTests.swift */ = {isa = PBXFileReference; fileEncoding = 4; lastKnownFileType = sourcecode.swift; path = DeckTests.swift; sourceTree = "<group>"; };
		74B8A2C61D6A834C00D4E777 /* SmokeOrFireUITests.xctest */ = {isa = PBXFileReference; explicitFileType = wrapper.cfbundle; includeInIndex = 0; path = SmokeOrFireUITests.xctest; sourceTree = BUILT_PRODUCTS_DIR; };
		74B8A2C81D6A834C00D4E777 /* SmokeOrFireUITests.swift */ = {isa = PBXFileReference; lastKnownFileType = sourcecode.swift; path = SmokeOrFireUITests.swift; sourceTree = "<group>"; };
		74B8A2CA1D6A834C00D4E777 /* Info.plist */ = {isa = PBXFileReference; lastKnownFileType = text.plist.xml; path = Info.plist; sourceTree = "<group>"; };
		B5644F991D56EB1800FB48BA /* PlayerTests.swift */ = {isa = PBXFileReference; fileEncoding = 4; lastKnownFileType = sourcecode.swift; path = PlayerTests.swift; sourceTree = "<group>"; };
/* End PBXFileReference section */

/* Begin PBXFrameworksBuildPhase section */
		743924D11D569C0000F1A17D /* Frameworks */ = {
			isa = PBXFrameworksBuildPhase;
			buildActionMask = 2147483647;
			files = (
			);
			runOnlyForDeploymentPostprocessing = 0;
		};
		743924EE1D56D98A00F1A17D /* Frameworks */ = {
			isa = PBXFrameworksBuildPhase;
			buildActionMask = 2147483647;
			files = (
			);
			runOnlyForDeploymentPostprocessing = 0;
		};
		74B8A2C31D6A834C00D4E777 /* Frameworks */ = {
			isa = PBXFrameworksBuildPhase;
			buildActionMask = 2147483647;
			files = (
			);
			runOnlyForDeploymentPostprocessing = 0;
		};
/* End PBXFrameworksBuildPhase section */

/* Begin PBXGroup section */
		74175B641D6128B4006A9AC7 /* Controllers */ = {
			isa = PBXGroup;
			children = (
				74175B6D1D617D02006A9AC7 /* GameViewController.swift */,
				74175B6F1D617D02006A9AC7 /* ViewController.swift */,
			);
			name = Controllers;
			sourceTree = "<group>";
		};
		74175B651D6128EC006A9AC7 /* Views */ = {
			isa = PBXGroup;
			children = (
				74175B911D617DC5006A9AC7 /* ButtonView.swift */,
				74175B921D617DC5006A9AC7 /* StatusView.swift */,
			);
			name = Views;
			sourceTree = "<group>";
		};
		74175B661D61293A006A9AC7 /* Enums */ = {
			isa = PBXGroup;
			children = (
				74175B731D617D5F006A9AC7 /* ChoicesText.swift */,
				74175B741D617D5F006A9AC7 /* PlayerChoices.swift */,
				74175B751D617D5F006A9AC7 /* Rank.swift */,
				74175B761D617D5F006A9AC7 /* Rule.swift */,
				74175B771D617D5F006A9AC7 /* Suit.swift */,
			);
			name = Enums;
			sourceTree = "<group>";
		};
		74175B671D612986006A9AC7 /* Objects */ = {
			isa = PBXGroup;
			children = (
				74175B851D617DA9006A9AC7 /* Card.swift */,
				74175B861D617DA9006A9AC7 /* Deck.swift */,
				74175B871D617DA9006A9AC7 /* Player.swift */,
				74175B881D617DA9006A9AC7 /* Pyramid.swift */,
				74175B891D617DA9006A9AC7 /* PyramidRound.swift */,
				74175B8A1D617DA9006A9AC7 /* Round.swift */,
			);
			name = Objects;
			sourceTree = "<group>";
		};
		74175B681D61299E006A9AC7 /* Scenes */ = {
			isa = PBXGroup;
			children = (
				74175B951D617DEF006A9AC7 /* GameScene.swift */,
			);
			name = Scenes;
			sourceTree = "<group>";
		};
		742F6BEC1D6599E6007A1A78 /* Content */ = {
			isa = PBXGroup;
			children = (
				742F6BEF1D659B34007A1A78 /* spark.png */,
				742F6BED1D6599F7007A1A78 /* FireParticles.sks */,
				742F6BF11D659E62007A1A78 /* SmokeParticle.sks */,
			);
			name = Content;
			sourceTree = "<group>";
		};
		743924CB1D569C0000F1A17D = {
			isa = PBXGroup;
			children = (
				743924D61D569C0000F1A17D /* SmokeOrFire */,
				743924F21D56D98A00F1A17D /* SmokeOrFireTests */,
				74B8A2C71D6A834C00D4E777 /* SmokeOrFireUITests */,
				743924D51D569C0000F1A17D /* Products */,
			);
			sourceTree = "<group>";
		};
		743924D51D569C0000F1A17D /* Products */ = {
			isa = PBXGroup;
			children = (
				743924D41D569C0000F1A17D /* Smoke or Fire.app */,
				743924F11D56D98A00F1A17D /* SmokeOrFireTests.xctest */,
				74B8A2C61D6A834C00D4E777 /* SmokeOrFireUITests.xctest */,
			);
			name = Products;
			sourceTree = "<group>";
		};
		743924D61D569C0000F1A17D /* SmokeOrFire */ = {
			isa = PBXGroup;
			children = (
				743924E31D569C0000F1A17D /* Info.plist */,
				743924D71D569C0000F1A17D /* AppDelegate.swift */,
				743924DE1D569C0000F1A17D /* Assets.xcassets */,
				742F6BEC1D6599E6007A1A78 /* Content */,
				74175B641D6128B4006A9AC7 /* Controllers */,
				74175B661D61293A006A9AC7 /* Enums */,
				743925021D56DE8700F1A17D /* Extensions */,
				743924E01D569C0000F1A17D /* LaunchScreen.storyboard */,
				743924DB1D569C0000F1A17D /* Main.storyboard */,
				74175B671D612986006A9AC7 /* Objects */,
				74175B681D61299E006A9AC7 /* Scenes */,
				74175B651D6128EC006A9AC7 /* Views */,
			);
			path = SmokeOrFire;
			sourceTree = "<group>";
		};
		743924F21D56D98A00F1A17D /* SmokeOrFireTests */ = {
			isa = PBXGroup;
			children = (
				743924F51D56D98A00F1A17D /* Info.plist */,
				743924FB1D56D9D500F1A17D /* CardTests.swift */,
				7439250D1D56F95500F1A17D /* DeckTests.swift */,
				B5644F991D56EB1800FB48BA /* PlayerTests.swift */,
				740755B01D5B4380007F8225 /* PyramidTests.swift */,
				740755AC1D5B39DA007F8225 /* RankTests.swift */,
				741668D41D571A090013437D /* RoundTests.swift */,
				740755AE1D5B40FE007F8225 /* RuleTests.swift */,
				740755AA1D5B31A6007F8225 /* SuitTests.swift */,
			);
			path = SmokeOrFireTests;
			sourceTree = "<group>";
		};
		743925021D56DE8700F1A17D /* Extensions */ = {
			isa = PBXGroup;
			children = (
				74175B7D1D617D80006A9AC7 /* Rank+successor.swift */,
				74175B7E1D617D80006A9AC7 /* String+subscript.swift */,
				74175B7F1D617D80006A9AC7 /* Suit+successor.swift */,
			);
			name = Extensions;
			sourceTree = "<group>";
		};
		74B8A2C71D6A834C00D4E777 /* SmokeOrFireUITests */ = {
			isa = PBXGroup;
			children = (
				74B8A2C81D6A834C00D4E777 /* SmokeOrFireUITests.swift */,
				74B8A2CA1D6A834C00D4E777 /* Info.plist */,
			);
			path = SmokeOrFireUITests;
			sourceTree = "<group>";
		};
/* End PBXGroup section */

/* Begin PBXNativeTarget section */
		743924D31D569C0000F1A17D /* SmokeOrFire */ = {
			isa = PBXNativeTarget;
			buildConfigurationList = 743924E61D569C0000F1A17D /* Build configuration list for PBXNativeTarget "SmokeOrFire" */;
			buildPhases = (
				743924D01D569C0000F1A17D /* Sources */,
				743924D11D569C0000F1A17D /* Frameworks */,
				743924D21D569C0000F1A17D /* Resources */,
			);
			buildRules = (
			);
			dependencies = (
			);
			name = SmokeOrFire;
			productName = SmokeOrFire;
			productReference = 743924D41D569C0000F1A17D /* Smoke or Fire.app */;
			productType = "com.apple.product-type.application";
		};
		743924F01D56D98A00F1A17D /* SmokeOrFireTests */ = {
			isa = PBXNativeTarget;
			buildConfigurationList = 743924F81D56D98A00F1A17D /* Build configuration list for PBXNativeTarget "SmokeOrFireTests" */;
			buildPhases = (
				743924ED1D56D98A00F1A17D /* Sources */,
				743924EE1D56D98A00F1A17D /* Frameworks */,
				743924EF1D56D98A00F1A17D /* Resources */,
			);
			buildRules = (
			);
			dependencies = (
				743924F71D56D98A00F1A17D /* PBXTargetDependency */,
			);
			name = SmokeOrFireTests;
			productName = SmokeOrFireTests;
			productReference = 743924F11D56D98A00F1A17D /* SmokeOrFireTests.xctest */;
			productType = "com.apple.product-type.bundle.unit-test";
		};
		74B8A2C51D6A834C00D4E777 /* SmokeOrFireUITests */ = {
			isa = PBXNativeTarget;
			buildConfigurationList = 74B8A2CD1D6A834C00D4E777 /* Build configuration list for PBXNativeTarget "SmokeOrFireUITests" */;
			buildPhases = (
				74B8A2C21D6A834C00D4E777 /* Sources */,
				74B8A2C31D6A834C00D4E777 /* Frameworks */,
				74B8A2C41D6A834C00D4E777 /* Resources */,
			);
			buildRules = (
			);
			dependencies = (
				74B8A2CC1D6A834C00D4E777 /* PBXTargetDependency */,
			);
			name = SmokeOrFireUITests;
			productName = SmokeOrFireUITests;
			productReference = 74B8A2C61D6A834C00D4E777 /* SmokeOrFireUITests.xctest */;
			productType = "com.apple.product-type.bundle.ui-testing";
		};
/* End PBXNativeTarget section */

/* Begin PBXProject section */
		743924CC1D569C0000F1A17D /* Project object */ = {
			isa = PBXProject;
			attributes = {
				LastSwiftUpdateCheck = 0730;
				LastUpgradeCheck = 0730;
				ORGANIZATIONNAME = "Justin Lawrence Hester";
				TargetAttributes = {
					743924D31D569C0000F1A17D = {
						CreatedOnToolsVersion = 7.3.1;
						DevelopmentTeam = MFWRYCYA2B;
					};
					743924F01D56D98A00F1A17D = {
						CreatedOnToolsVersion = 7.3.1;
						TestTargetID = 743924D31D569C0000F1A17D;
					};
					74B8A2C51D6A834C00D4E777 = {
						CreatedOnToolsVersion = 7.3.1;
						TestTargetID = 743924D31D569C0000F1A17D;
					};
				};
			};
			buildConfigurationList = 743924CF1D569C0000F1A17D /* Build configuration list for PBXProject "SmokeOrFire" */;
			compatibilityVersion = "Xcode 3.2";
			developmentRegion = English;
			hasScannedForEncodings = 0;
			knownRegions = (
				en,
				Base,
			);
			mainGroup = 743924CB1D569C0000F1A17D;
			productRefGroup = 743924D51D569C0000F1A17D /* Products */;
			projectDirPath = "";
			projectRoot = "";
			targets = (
				743924D31D569C0000F1A17D /* SmokeOrFire */,
				743924F01D56D98A00F1A17D /* SmokeOrFireTests */,
				74B8A2C51D6A834C00D4E777 /* SmokeOrFireUITests */,
			);
		};
/* End PBXProject section */

/* Begin PBXResourcesBuildPhase section */
		743924D21D569C0000F1A17D /* Resources */ = {
			isa = PBXResourcesBuildPhase;
			buildActionMask = 2147483647;
			files = (
				742F6BF01D659B34007A1A78 /* spark.png in Resources */,
				742F6BF21D659E62007A1A78 /* SmokeParticle.sks in Resources */,
				743924E21D569C0000F1A17D /* LaunchScreen.storyboard in Resources */,
				742F6BEE1D6599F7007A1A78 /* FireParticles.sks in Resources */,
				743924DF1D569C0000F1A17D /* Assets.xcassets in Resources */,
				743924DD1D569C0000F1A17D /* Main.storyboard in Resources */,
			);
			runOnlyForDeploymentPostprocessing = 0;
		};
		743924EF1D56D98A00F1A17D /* Resources */ = {
			isa = PBXResourcesBuildPhase;
			buildActionMask = 2147483647;
			files = (
			);
			runOnlyForDeploymentPostprocessing = 0;
		};
		74B8A2C41D6A834C00D4E777 /* Resources */ = {
			isa = PBXResourcesBuildPhase;
			buildActionMask = 2147483647;
			files = (
			);
			runOnlyForDeploymentPostprocessing = 0;
		};
/* End PBXResourcesBuildPhase section */

/* Begin PBXSourcesBuildPhase section */
		743924D01D569C0000F1A17D /* Sources */ = {
			isa = PBXSourcesBuildPhase;
			buildActionMask = 2147483647;
			files = (
				74175B721D617D02006A9AC7 /* ViewController.swift in Sources */,
				74175B8E1D617DA9006A9AC7 /* Pyramid.swift in Sources */,
				74175B941D617DC5006A9AC7 /* StatusView.swift in Sources */,
				74175B831D617D80006A9AC7 /* Suit+successor.swift in Sources */,
				74175B8F1D617DA9006A9AC7 /* PyramidRound.swift in Sources */,
				74175B791D617D5F006A9AC7 /* PlayerChoices.swift in Sources */,
				74175B931D617DC5006A9AC7 /* ButtonView.swift in Sources */,
				74175B7A1D617D5F006A9AC7 /* Rank.swift in Sources */,
				74175B811D617D80006A9AC7 /* Rank+successor.swift in Sources */,
				74175B701D617D02006A9AC7 /* GameViewController.swift in Sources */,
				74175B8C1D617DA9006A9AC7 /* Deck.swift in Sources */,
				74175B7C1D617D5F006A9AC7 /* Suit.swift in Sources */,
				74175B821D617D80006A9AC7 /* String+subscript.swift in Sources */,
				74175B8D1D617DA9006A9AC7 /* Player.swift in Sources */,
				74175B961D617DEF006A9AC7 /* GameScene.swift in Sources */,
				74175B8B1D617DA9006A9AC7 /* Card.swift in Sources */,
				743924D81D569C0000F1A17D /* AppDelegate.swift in Sources */,
				74175B7B1D617D5F006A9AC7 /* Rule.swift in Sources */,
				74175B901D617DA9006A9AC7 /* Round.swift in Sources */,
				74175B781D617D5F006A9AC7 /* ChoicesText.swift in Sources */,
			);
			runOnlyForDeploymentPostprocessing = 0;
		};
		743924ED1D56D98A00F1A17D /* Sources */ = {
			isa = PBXSourcesBuildPhase;
			buildActionMask = 2147483647;
			files = (
				B5644F9A1D56EB1800FB48BA /* PlayerTests.swift in Sources */,
				7439250E1D56F95500F1A17D /* DeckTests.swift in Sources */,
				740755AB1D5B31A6007F8225 /* SuitTests.swift in Sources */,
				741668D51D571A090013437D /* RoundTests.swift in Sources */,
				743924FC1D56D9D500F1A17D /* CardTests.swift in Sources */,
				740755AF1D5B40FE007F8225 /* RuleTests.swift in Sources */,
				740755B11D5B4380007F8225 /* PyramidTests.swift in Sources */,
				740755AD1D5B39DA007F8225 /* RankTests.swift in Sources */,
			);
			runOnlyForDeploymentPostprocessing = 0;
		};
		74B8A2C21D6A834C00D4E777 /* Sources */ = {
			isa = PBXSourcesBuildPhase;
			buildActionMask = 2147483647;
			files = (
				74B8A2C91D6A834C00D4E777 /* SmokeOrFireUITests.swift in Sources */,
			);
			runOnlyForDeploymentPostprocessing = 0;
		};
/* End PBXSourcesBuildPhase section */

/* Begin PBXTargetDependency section */
		743924F71D56D98A00F1A17D /* PBXTargetDependency */ = {
			isa = PBXTargetDependency;
			target = 743924D31D569C0000F1A17D /* SmokeOrFire */;
			targetProxy = 743924F61D56D98A00F1A17D /* PBXContainerItemProxy */;
		};
		74B8A2CC1D6A834C00D4E777 /* PBXTargetDependency */ = {
			isa = PBXTargetDependency;
			target = 743924D31D569C0000F1A17D /* SmokeOrFire */;
			targetProxy = 74B8A2CB1D6A834C00D4E777 /* PBXContainerItemProxy */;
		};
/* End PBXTargetDependency section */

/* Begin PBXVariantGroup section */
		743924DB1D569C0000F1A17D /* Main.storyboard */ = {
			isa = PBXVariantGroup;
			children = (
				743924DC1D569C0000F1A17D /* Base */,
			);
			name = Main.storyboard;
			sourceTree = "<group>";
		};
		743924E01D569C0000F1A17D /* LaunchScreen.storyboard */ = {
			isa = PBXVariantGroup;
			children = (
				743924E11D569C0000F1A17D /* Base */,
			);
			name = LaunchScreen.storyboard;
			sourceTree = "<group>";
		};
/* End PBXVariantGroup section */

/* Begin XCBuildConfiguration section */
		743924E41D569C0000F1A17D /* Debug */ = {
			isa = XCBuildConfiguration;
			buildSettings = {
				ALWAYS_SEARCH_USER_PATHS = NO;
				CLANG_ANALYZER_NONNULL = YES;
				CLANG_CXX_LANGUAGE_STANDARD = "gnu++0x";
				CLANG_CXX_LIBRARY = "libc++";
				CLANG_ENABLE_MODULES = YES;
				CLANG_ENABLE_OBJC_ARC = YES;
				CLANG_WARN_BOOL_CONVERSION = YES;
				CLANG_WARN_CONSTANT_CONVERSION = YES;
				CLANG_WARN_DIRECT_OBJC_ISA_USAGE = YES_ERROR;
				CLANG_WARN_EMPTY_BODY = YES;
				CLANG_WARN_ENUM_CONVERSION = YES;
				CLANG_WARN_INT_CONVERSION = YES;
				CLANG_WARN_OBJC_ROOT_CLASS = YES_ERROR;
				CLANG_WARN_UNREACHABLE_CODE = YES;
				CLANG_WARN__DUPLICATE_METHOD_MATCH = YES;
				CODE_SIGN_IDENTITY = "iPhone Developer: Justin Hester (S7VXY892UQ)";
				"CODE_SIGN_IDENTITY[sdk=iphoneos*]" = "iPhone Developer";
				COPY_PHASE_STRIP = NO;
				DEBUG_INFORMATION_FORMAT = dwarf;
				ENABLE_STRICT_OBJC_MSGSEND = YES;
				ENABLE_TESTABILITY = YES;
				GCC_C_LANGUAGE_STANDARD = gnu99;
				GCC_DYNAMIC_NO_PIC = NO;
				GCC_NO_COMMON_BLOCKS = YES;
				GCC_OPTIMIZATION_LEVEL = 0;
				GCC_PREPROCESSOR_DEFINITIONS = (
					"DEBUG=1",
					"$(inherited)",
				);
				GCC_WARN_64_TO_32_BIT_CONVERSION = YES;
				GCC_WARN_ABOUT_RETURN_TYPE = YES_ERROR;
				GCC_WARN_UNDECLARED_SELECTOR = YES;
				GCC_WARN_UNINITIALIZED_AUTOS = YES_AGGRESSIVE;
				GCC_WARN_UNUSED_FUNCTION = YES;
				GCC_WARN_UNUSED_VARIABLE = YES;
				IPHONEOS_DEPLOYMENT_TARGET = 9.3;
				MTL_ENABLE_DEBUG_INFO = YES;
				ONLY_ACTIVE_ARCH = YES;
				SDKROOT = iphoneos;
				SWIFT_OPTIMIZATION_LEVEL = "-Onone";
				TARGETED_DEVICE_FAMILY = "1,2";
			};
			name = Debug;
		};
		743924E51D569C0000F1A17D /* Release */ = {
			isa = XCBuildConfiguration;
			buildSettings = {
				ALWAYS_SEARCH_USER_PATHS = NO;
				CLANG_ANALYZER_NONNULL = YES;
				CLANG_CXX_LANGUAGE_STANDARD = "gnu++0x";
				CLANG_CXX_LIBRARY = "libc++";
				CLANG_ENABLE_MODULES = YES;
				CLANG_ENABLE_OBJC_ARC = YES;
				CLANG_WARN_BOOL_CONVERSION = YES;
				CLANG_WARN_CONSTANT_CONVERSION = YES;
				CLANG_WARN_DIRECT_OBJC_ISA_USAGE = YES_ERROR;
				CLANG_WARN_EMPTY_BODY = YES;
				CLANG_WARN_ENUM_CONVERSION = YES;
				CLANG_WARN_INT_CONVERSION = YES;
				CLANG_WARN_OBJC_ROOT_CLASS = YES_ERROR;
				CLANG_WARN_UNREACHABLE_CODE = YES;
				CLANG_WARN__DUPLICATE_METHOD_MATCH = YES;
				CODE_SIGN_IDENTITY = "iPhone Developer: Justin Hester (S7VXY892UQ)";
				"CODE_SIGN_IDENTITY[sdk=iphoneos*]" = "iPhone Developer";
				COPY_PHASE_STRIP = NO;
				DEBUG_INFORMATION_FORMAT = "dwarf-with-dsym";
				ENABLE_NS_ASSERTIONS = NO;
				ENABLE_STRICT_OBJC_MSGSEND = YES;
				GCC_C_LANGUAGE_STANDARD = gnu99;
				GCC_NO_COMMON_BLOCKS = YES;
				GCC_WARN_64_TO_32_BIT_CONVERSION = YES;
				GCC_WARN_ABOUT_RETURN_TYPE = YES_ERROR;
				GCC_WARN_UNDECLARED_SELECTOR = YES;
				GCC_WARN_UNINITIALIZED_AUTOS = YES_AGGRESSIVE;
				GCC_WARN_UNUSED_FUNCTION = YES;
				GCC_WARN_UNUSED_VARIABLE = YES;
				IPHONEOS_DEPLOYMENT_TARGET = 9.3;
				MTL_ENABLE_DEBUG_INFO = NO;
				SDKROOT = iphoneos;
				TARGETED_DEVICE_FAMILY = "1,2";
				VALIDATE_PRODUCT = YES;
			};
			name = Release;
		};
		743924E71D569C0000F1A17D /* Debug */ = {
			isa = XCBuildConfiguration;
			buildSettings = {
				ASSETCATALOG_COMPILER_APPICON_NAME = AppIcon;
				CODE_SIGN_IDENTITY = "iPhone Developer";
				DEBUG_INFORMATION_FORMAT = "dwarf-with-dsym";
				INFOPLIST_FILE = SmokeOrFire/Info.plist;
				LD_RUNPATH_SEARCH_PATHS = "$(inherited) @executable_path/Frameworks";
				PRODUCT_BUNDLE_IDENTIFIER = com.justinhester.SmokeOrFire;
				PRODUCT_NAME = "Smoke or Fire";
				VERSIONING_SYSTEM = "apple-generic";
			};
			name = Debug;
		};
		743924E81D569C0000F1A17D /* Release */ = {
			isa = XCBuildConfiguration;
			buildSettings = {
				ASSETCATALOG_COMPILER_APPICON_NAME = AppIcon;
				CODE_SIGN_IDENTITY = "iPhone Developer";
				DEBUG_INFORMATION_FORMAT = "dwarf-with-dsym";
				INFOPLIST_FILE = SmokeOrFire/Info.plist;
				LD_RUNPATH_SEARCH_PATHS = "$(inherited) @executable_path/Frameworks";
				PRODUCT_BUNDLE_IDENTIFIER = com.justinhester.SmokeOrFire;
				PRODUCT_NAME = "Smoke or Fire";
				VERSIONING_SYSTEM = "apple-generic";
			};
			name = Release;
		};
		743924F91D56D98A00F1A17D /* Debug */ = {
			isa = XCBuildConfiguration;
			buildSettings = {
				BUNDLE_LOADER = "$(TEST_HOST)";
				INFOPLIST_FILE = SmokeOrFireTests/Info.plist;
				LD_RUNPATH_SEARCH_PATHS = "$(inherited) @executable_path/Frameworks @loader_path/Frameworks";
				PRODUCT_BUNDLE_IDENTIFIER = com.justinhester.SmokeOrFireTests;
				PRODUCT_NAME = "$(TARGET_NAME)";
				TEST_HOST = "$(BUILT_PRODUCTS_DIR)/SmokeOrFire.app/SmokeOrFire";
			};
			name = Debug;
		};
		743924FA1D56D98A00F1A17D /* Release */ = {
			isa = XCBuildConfiguration;
			buildSettings = {
				BUNDLE_LOADER = "$(TEST_HOST)";
				INFOPLIST_FILE = SmokeOrFireTests/Info.plist;
				LD_RUNPATH_SEARCH_PATHS = "$(inherited) @executable_path/Frameworks @loader_path/Frameworks";
				PRODUCT_BUNDLE_IDENTIFIER = com.justinhester.SmokeOrFireTests;
				PRODUCT_NAME = "$(TARGET_NAME)";
				TEST_HOST = "$(BUILT_PRODUCTS_DIR)/SmokeOrFire.app/SmokeOrFire";
			};
			name = Release;
		};
		74B8A2CE1D6A834C00D4E777 /* Debug */ = {
			isa = XCBuildConfiguration;
			buildSettings = {
				INFOPLIST_FILE = SmokeOrFireUITests/Info.plist;
				LD_RUNPATH_SEARCH_PATHS = "$(inherited) @executable_path/Frameworks @loader_path/Frameworks";
				PRODUCT_BUNDLE_IDENTIFIER = com.justinhester.SmokeOrFireUITests;
				PRODUCT_NAME = "$(TARGET_NAME)";
				TEST_TARGET_NAME = SmokeOrFire;
			};
			name = Debug;
		};
		74B8A2CF1D6A834C00D4E777 /* Release */ = {
			isa = XCBuildConfiguration;
			buildSettings = {
				INFOPLIST_FILE = SmokeOrFireUITests/Info.plist;
				LD_RUNPATH_SEARCH_PATHS = "$(inherited) @executable_path/Frameworks @loader_path/Frameworks";
				PRODUCT_BUNDLE_IDENTIFIER = com.justinhester.SmokeOrFireUITests;
				PRODUCT_NAME = "$(TARGET_NAME)";
				TEST_TARGET_NAME = SmokeOrFire;
			};
			name = Release;
		};
/* End XCBuildConfiguration section */

/* Begin XCConfigurationList section */
		743924CF1D569C0000F1A17D /* Build configuration list for PBXProject "SmokeOrFire" */ = {
			isa = XCConfigurationList;
			buildConfigurations = (
				743924E41D569C0000F1A17D /* Debug */,
				743924E51D569C0000F1A17D /* Release */,
			);
			defaultConfigurationIsVisible = 0;
			defaultConfigurationName = Release;
		};
		743924E61D569C0000F1A17D /* Build configuration list for PBXNativeTarget "SmokeOrFire" */ = {
			isa = XCConfigurationList;
			buildConfigurations = (
				743924E71D569C0000F1A17D /* Debug */,
				743924E81D569C0000F1A17D /* Release */,
			);
			defaultConfigurationIsVisible = 0;
			defaultConfigurationName = Release;
		};
		743924F81D56D98A00F1A17D /* Build configuration list for PBXNativeTarget "SmokeOrFireTests" */ = {
			isa = XCConfigurationList;
			buildConfigurations = (
				743924F91D56D98A00F1A17D /* Debug */,
				743924FA1D56D98A00F1A17D /* Release */,
			);
			defaultConfigurationIsVisible = 0;
			defaultConfigurationName = Release;
		};
		74B8A2CD1D6A834C00D4E777 /* Build configuration list for PBXNativeTarget "SmokeOrFireUITests" */ = {
			isa = XCConfigurationList;
			buildConfigurations = (
				74B8A2CE1D6A834C00D4E777 /* Debug */,
				74B8A2CF1D6A834C00D4E777 /* Release */,
			);
			defaultConfigurationIsVisible = 0;
			defaultConfigurationName = Release;
		};
/* End XCConfigurationList section */
	};
	rootObject = 743924CC1D569C0000F1A17D /* Project object */;
}
