// !$*UTF8*$!
{
	archiveVersion = 1;
	classes = {
	};
	objectVersion = 46;
	objects = {

/* Begin PBXBuildFile section */
		740755A51D5ACB3C007F8225 /* OptionsViewController.swift in Sources */ = {isa = PBXBuildFile; fileRef = 740755A41D5ACB3C007F8225 /* OptionsViewController.swift */; };
		740755AB1D5B31A6007F8225 /* SuitTests.swift in Sources */ = {isa = PBXBuildFile; fileRef = 740755AA1D5B31A6007F8225 /* SuitTests.swift */; };
		740755AD1D5B39DA007F8225 /* RankTests.swift in Sources */ = {isa = PBXBuildFile; fileRef = 740755AC1D5B39DA007F8225 /* RankTests.swift */; };
		740755AF1D5B40FE007F8225 /* RuleTests.swift in Sources */ = {isa = PBXBuildFile; fileRef = 740755AE1D5B40FE007F8225 /* RuleTests.swift */; };
		740755B11D5B4380007F8225 /* PyramidTests.swift in Sources */ = {isa = PBXBuildFile; fileRef = 740755B01D5B4380007F8225 /* PyramidTests.swift */; };
		741668D51D571A090013437D /* RoundTests.swift in Sources */ = {isa = PBXBuildFile; fileRef = 741668D41D571A090013437D /* RoundTests.swift */; };
		74175B561D605E90006A9AC7 /* UIImage+scaledToSize.swift in Sources */ = {isa = PBXBuildFile; fileRef = 74175B551D605E90006A9AC7 /* UIImage+scaledToSize.swift */; };
		74175B581D61167E006A9AC7 /* ButtonView.swift in Sources */ = {isa = PBXBuildFile; fileRef = 74175B571D61167E006A9AC7 /* ButtonView.swift */; };
		74175B5A1D6122BD006A9AC7 /* StatusView.swift in Sources */ = {isa = PBXBuildFile; fileRef = 74175B591D6122BD006A9AC7 /* StatusView.swift */; };
		743924D81D569C0000F1A17D /* AppDelegate.swift in Sources */ = {isa = PBXBuildFile; fileRef = 743924D71D569C0000F1A17D /* AppDelegate.swift */; };
		743924DA1D569C0000F1A17D /* ViewController.swift in Sources */ = {isa = PBXBuildFile; fileRef = 743924D91D569C0000F1A17D /* ViewController.swift */; };
		743924DD1D569C0000F1A17D /* Main.storyboard in Resources */ = {isa = PBXBuildFile; fileRef = 743924DB1D569C0000F1A17D /* Main.storyboard */; };
		743924DF1D569C0000F1A17D /* Assets.xcassets in Resources */ = {isa = PBXBuildFile; fileRef = 743924DE1D569C0000F1A17D /* Assets.xcassets */; };
		743924E21D569C0000F1A17D /* LaunchScreen.storyboard in Resources */ = {isa = PBXBuildFile; fileRef = 743924E01D569C0000F1A17D /* LaunchScreen.storyboard */; };
		743924FC1D56D9D500F1A17D /* CardTests.swift in Sources */ = {isa = PBXBuildFile; fileRef = 743924FB1D56D9D500F1A17D /* CardTests.swift */; };
		743925051D56DF2E00F1A17D /* Rank+exts.swift in Sources */ = {isa = PBXBuildFile; fileRef = 743925031D56DF2E00F1A17D /* Rank+exts.swift */; };
		743925061D56DF2E00F1A17D /* Suit+exts.swift in Sources */ = {isa = PBXBuildFile; fileRef = 743925041D56DF2E00F1A17D /* Suit+exts.swift */; };
		743925081D56E26A00F1A17D /* Deck.swift in Sources */ = {isa = PBXBuildFile; fileRef = 743925071D56E26A00F1A17D /* Deck.swift */; };
		7439250E1D56F95500F1A17D /* DeckTests.swift in Sources */ = {isa = PBXBuildFile; fileRef = 7439250D1D56F95500F1A17D /* DeckTests.swift */; };
		743925101D57012000F1A17D /* Round.swift in Sources */ = {isa = PBXBuildFile; fileRef = 7439250F1D57012000F1A17D /* Round.swift */; };
		74626A6A1D5FB6D6006DADFA /* String+subscript.swift in Sources */ = {isa = PBXBuildFile; fileRef = 74626A691D5FB6D6006DADFA /* String+subscript.swift */; };
		749D20741D57349900083E52 /* Pyramid.swift in Sources */ = {isa = PBXBuildFile; fileRef = 749D20731D57349900083E52 /* Pyramid.swift */; };
		749D207A1D575A6100083E52 /* QuestionsViewController.swift in Sources */ = {isa = PBXBuildFile; fileRef = 749D20791D575A6100083E52 /* QuestionsViewController.swift */; };
		749D207E1D57D65C00083E52 /* PyramidCell.swift in Sources */ = {isa = PBXBuildFile; fileRef = 749D207D1D57D65C00083E52 /* PyramidCell.swift */; };
		74ADE9221D5FFBB700D7658B /* GameScene.swift in Sources */ = {isa = PBXBuildFile; fileRef = 74ADE9211D5FFBB700D7658B /* GameScene.swift */; };
		74ADE9241D5FFF1B00D7658B /* GameScene.sks in Resources */ = {isa = PBXBuildFile; fileRef = 74ADE9231D5FFF1B00D7658B /* GameScene.sks */; };
		B517B2D11D56ABB600455B4F /* Card.swift in Sources */ = {isa = PBXBuildFile; fileRef = B517B2D01D56ABB600455B4F /* Card.swift */; };
		B517B2D31D56AE3E00455B4F /* Suit.swift in Sources */ = {isa = PBXBuildFile; fileRef = B517B2D21D56AE3E00455B4F /* Suit.swift */; };
		B517B2D51D56D42C00455B4F /* Rank.swift in Sources */ = {isa = PBXBuildFile; fileRef = B517B2D41D56D42C00455B4F /* Rank.swift */; };
		B521B0691D57F9B300AE097F /* CardsViewController.swift in Sources */ = {isa = PBXBuildFile; fileRef = B521B0681D57F9B300AE097F /* CardsViewController.swift */; };
		B5644F981D56E28D00FB48BA /* Player.swift in Sources */ = {isa = PBXBuildFile; fileRef = B5644F971D56E28D00FB48BA /* Player.swift */; };
		B5644F9A1D56EB1800FB48BA /* PlayerTests.swift in Sources */ = {isa = PBXBuildFile; fileRef = B5644F991D56EB1800FB48BA /* PlayerTests.swift */; };
		B5644F9C1D56F36400FB48BA /* Rule.swift in Sources */ = {isa = PBXBuildFile; fileRef = B5644F9B1D56F36400FB48BA /* Rule.swift */; };
/* End PBXBuildFile section */

/* Begin PBXContainerItemProxy section */
		743924F61D56D98A00F1A17D /* PBXContainerItemProxy */ = {
			isa = PBXContainerItemProxy;
			containerPortal = 743924CC1D569C0000F1A17D /* Project object */;
			proxyType = 1;
			remoteGlobalIDString = 743924D31D569C0000F1A17D;
			remoteInfo = SmokeOrFire;
		};
/* End PBXContainerItemProxy section */

/* Begin PBXFileReference section */
		740755A41D5ACB3C007F8225 /* OptionsViewController.swift */ = {isa = PBXFileReference; fileEncoding = 4; lastKnownFileType = sourcecode.swift; path = OptionsViewController.swift; sourceTree = "<group>"; };
		740755AA1D5B31A6007F8225 /* SuitTests.swift */ = {isa = PBXFileReference; fileEncoding = 4; lastKnownFileType = sourcecode.swift; path = SuitTests.swift; sourceTree = "<group>"; };
		740755AC1D5B39DA007F8225 /* RankTests.swift */ = {isa = PBXFileReference; fileEncoding = 4; lastKnownFileType = sourcecode.swift; path = RankTests.swift; sourceTree = "<group>"; };
		740755AE1D5B40FE007F8225 /* RuleTests.swift */ = {isa = PBXFileReference; fileEncoding = 4; lastKnownFileType = sourcecode.swift; path = RuleTests.swift; sourceTree = "<group>"; };
		740755B01D5B4380007F8225 /* PyramidTests.swift */ = {isa = PBXFileReference; fileEncoding = 4; lastKnownFileType = sourcecode.swift; path = PyramidTests.swift; sourceTree = "<group>"; };
		741668D41D571A090013437D /* RoundTests.swift */ = {isa = PBXFileReference; fileEncoding = 4; lastKnownFileType = sourcecode.swift; path = RoundTests.swift; sourceTree = "<group>"; };
		74175B551D605E90006A9AC7 /* UIImage+scaledToSize.swift */ = {isa = PBXFileReference; fileEncoding = 4; lastKnownFileType = sourcecode.swift; path = "UIImage+scaledToSize.swift"; sourceTree = "<group>"; };
		74175B571D61167E006A9AC7 /* ButtonView.swift */ = {isa = PBXFileReference; fileEncoding = 4; lastKnownFileType = sourcecode.swift; path = ButtonView.swift; sourceTree = "<group>"; };
		74175B591D6122BD006A9AC7 /* StatusView.swift */ = {isa = PBXFileReference; fileEncoding = 4; lastKnownFileType = sourcecode.swift; path = StatusView.swift; sourceTree = "<group>"; };
		743924D41D569C0000F1A17D /* SmokeOrFire.app */ = {isa = PBXFileReference; explicitFileType = wrapper.application; includeInIndex = 0; path = SmokeOrFire.app; sourceTree = BUILT_PRODUCTS_DIR; };
		743924D71D569C0000F1A17D /* AppDelegate.swift */ = {isa = PBXFileReference; lastKnownFileType = sourcecode.swift; path = AppDelegate.swift; sourceTree = "<group>"; };
		743924D91D569C0000F1A17D /* ViewController.swift */ = {isa = PBXFileReference; lastKnownFileType = sourcecode.swift; path = ViewController.swift; sourceTree = "<group>"; };
		743924DC1D569C0000F1A17D /* Base */ = {isa = PBXFileReference; lastKnownFileType = file.storyboard; name = Base; path = Base.lproj/Main.storyboard; sourceTree = "<group>"; };
		743924DE1D569C0000F1A17D /* Assets.xcassets */ = {isa = PBXFileReference; lastKnownFileType = folder.assetcatalog; path = Assets.xcassets; sourceTree = "<group>"; };
		743924E11D569C0000F1A17D /* Base */ = {isa = PBXFileReference; lastKnownFileType = file.storyboard; name = Base; path = Base.lproj/LaunchScreen.storyboard; sourceTree = "<group>"; };
		743924E31D569C0000F1A17D /* Info.plist */ = {isa = PBXFileReference; lastKnownFileType = text.plist.xml; path = Info.plist; sourceTree = "<group>"; };
		743924F11D56D98A00F1A17D /* SmokeOrFireTests.xctest */ = {isa = PBXFileReference; explicitFileType = wrapper.cfbundle; includeInIndex = 0; path = SmokeOrFireTests.xctest; sourceTree = BUILT_PRODUCTS_DIR; };
		743924F51D56D98A00F1A17D /* Info.plist */ = {isa = PBXFileReference; lastKnownFileType = text.plist.xml; path = Info.plist; sourceTree = "<group>"; };
		743924FB1D56D9D500F1A17D /* CardTests.swift */ = {isa = PBXFileReference; fileEncoding = 4; lastKnownFileType = sourcecode.swift; path = CardTests.swift; sourceTree = "<group>"; };
		743925031D56DF2E00F1A17D /* Rank+exts.swift */ = {isa = PBXFileReference; fileEncoding = 4; lastKnownFileType = sourcecode.swift; path = "Rank+exts.swift"; sourceTree = "<group>"; };
		743925041D56DF2E00F1A17D /* Suit+exts.swift */ = {isa = PBXFileReference; fileEncoding = 4; lastKnownFileType = sourcecode.swift; path = "Suit+exts.swift"; sourceTree = "<group>"; };
		743925071D56E26A00F1A17D /* Deck.swift */ = {isa = PBXFileReference; fileEncoding = 4; lastKnownFileType = sourcecode.swift; path = Deck.swift; sourceTree = "<group>"; };
		7439250D1D56F95500F1A17D /* DeckTests.swift */ = {isa = PBXFileReference; fileEncoding = 4; lastKnownFileType = sourcecode.swift; path = DeckTests.swift; sourceTree = "<group>"; };
		7439250F1D57012000F1A17D /* Round.swift */ = {isa = PBXFileReference; fileEncoding = 4; lastKnownFileType = sourcecode.swift; path = Round.swift; sourceTree = "<group>"; };
		74626A691D5FB6D6006DADFA /* String+subscript.swift */ = {isa = PBXFileReference; fileEncoding = 4; lastKnownFileType = sourcecode.swift; path = "String+subscript.swift"; sourceTree = "<group>"; };
		749D20731D57349900083E52 /* Pyramid.swift */ = {isa = PBXFileReference; fileEncoding = 4; lastKnownFileType = sourcecode.swift; path = Pyramid.swift; sourceTree = "<group>"; };
		749D20791D575A6100083E52 /* QuestionsViewController.swift */ = {isa = PBXFileReference; fileEncoding = 4; lastKnownFileType = sourcecode.swift; path = QuestionsViewController.swift; sourceTree = "<group>"; };
		749D207D1D57D65C00083E52 /* PyramidCell.swift */ = {isa = PBXFileReference; fileEncoding = 4; lastKnownFileType = sourcecode.swift; path = PyramidCell.swift; sourceTree = "<group>"; };
		74ADE9211D5FFBB700D7658B /* GameScene.swift */ = {isa = PBXFileReference; fileEncoding = 4; lastKnownFileType = sourcecode.swift; path = GameScene.swift; sourceTree = "<group>"; };
		74ADE9231D5FFF1B00D7658B /* GameScene.sks */ = {isa = PBXFileReference; lastKnownFileType = file.sks; path = GameScene.sks; sourceTree = "<group>"; };
		B517B2D01D56ABB600455B4F /* Card.swift */ = {isa = PBXFileReference; fileEncoding = 4; lastKnownFileType = sourcecode.swift; path = Card.swift; sourceTree = "<group>"; };
		B517B2D21D56AE3E00455B4F /* Suit.swift */ = {isa = PBXFileReference; fileEncoding = 4; lastKnownFileType = sourcecode.swift; path = Suit.swift; sourceTree = "<group>"; };
		B517B2D41D56D42C00455B4F /* Rank.swift */ = {isa = PBXFileReference; fileEncoding = 4; lastKnownFileType = sourcecode.swift; path = Rank.swift; sourceTree = "<group>"; };
		B521B0681D57F9B300AE097F /* CardsViewController.swift */ = {isa = PBXFileReference; fileEncoding = 4; lastKnownFileType = sourcecode.swift; path = CardsViewController.swift; sourceTree = "<group>"; };
		B5644F971D56E28D00FB48BA /* Player.swift */ = {isa = PBXFileReference; fileEncoding = 4; lastKnownFileType = sourcecode.swift; path = Player.swift; sourceTree = "<group>"; };
		B5644F991D56EB1800FB48BA /* PlayerTests.swift */ = {isa = PBXFileReference; fileEncoding = 4; lastKnownFileType = sourcecode.swift; path = PlayerTests.swift; sourceTree = "<group>"; };
		B5644F9B1D56F36400FB48BA /* Rule.swift */ = {isa = PBXFileReference; fileEncoding = 4; lastKnownFileType = sourcecode.swift; path = Rule.swift; sourceTree = "<group>"; };
/* End PBXFileReference section */

/* Begin PBXFrameworksBuildPhase section */
		743924D11D569C0000F1A17D /* Frameworks */ = {
			isa = PBXFrameworksBuildPhase;
			buildActionMask = 2147483647;
			files = (
			);
			runOnlyForDeploymentPostprocessing = 0;
		};
		743924EE1D56D98A00F1A17D /* Frameworks */ = {
			isa = PBXFrameworksBuildPhase;
			buildActionMask = 2147483647;
			files = (
			);
			runOnlyForDeploymentPostprocessing = 0;
		};
/* End PBXFrameworksBuildPhase section */

/* Begin PBXGroup section */
		743924CB1D569C0000F1A17D = {
			isa = PBXGroup;
			children = (
				743924D61D569C0000F1A17D /* SmokeOrFire */,
				743924F21D56D98A00F1A17D /* SmokeOrFireTests */,
				743924D51D569C0000F1A17D /* Products */,
			);
			sourceTree = "<group>";
		};
		743924D51D569C0000F1A17D /* Products */ = {
			isa = PBXGroup;
			children = (
				743924D41D569C0000F1A17D /* SmokeOrFire.app */,
				743924F11D56D98A00F1A17D /* SmokeOrFireTests.xctest */,
			);
			name = Products;
			sourceTree = "<group>";
		};
		743924D61D569C0000F1A17D /* SmokeOrFire */ = {
			isa = PBXGroup;
			children = (
				74175B591D6122BD006A9AC7 /* StatusView.swift */,
				74175B571D61167E006A9AC7 /* ButtonView.swift */,
				743925021D56DE8700F1A17D /* Extensions */,
				743924D71D569C0000F1A17D /* AppDelegate.swift */,
				743924D91D569C0000F1A17D /* ViewController.swift */,
				743924DB1D569C0000F1A17D /* Main.storyboard */,
				743924DE1D569C0000F1A17D /* Assets.xcassets */,
				743924E01D569C0000F1A17D /* LaunchScreen.storyboard */,
				743924E31D569C0000F1A17D /* Info.plist */,
				B517B2D01D56ABB600455B4F /* Card.swift */,
				B517B2D21D56AE3E00455B4F /* Suit.swift */,
				B517B2D41D56D42C00455B4F /* Rank.swift */,
				B5644F971D56E28D00FB48BA /* Player.swift */,
				743925071D56E26A00F1A17D /* Deck.swift */,
				B5644F9B1D56F36400FB48BA /* Rule.swift */,
				7439250F1D57012000F1A17D /* Round.swift */,
				749D20731D57349900083E52 /* Pyramid.swift */,
				B521B0681D57F9B300AE097F /* CardsViewController.swift */,
				749D20791D575A6100083E52 /* QuestionsViewController.swift */,
				749D207D1D57D65C00083E52 /* PyramidCell.swift */,
				740755A41D5ACB3C007F8225 /* OptionsViewController.swift */,
				74ADE9211D5FFBB700D7658B /* GameScene.swift */,
				74ADE9231D5FFF1B00D7658B /* GameScene.sks */,
			);
			path = SmokeOrFire;
			sourceTree = "<group>";
		};
		743924F21D56D98A00F1A17D /* SmokeOrFireTests */ = {
			isa = PBXGroup;
			children = (
				743924F51D56D98A00F1A17D /* Info.plist */,
				743924FB1D56D9D500F1A17D /* CardTests.swift */,
				B5644F991D56EB1800FB48BA /* PlayerTests.swift */,
				7439250D1D56F95500F1A17D /* DeckTests.swift */,
				741668D41D571A090013437D /* RoundTests.swift */,
				740755AA1D5B31A6007F8225 /* SuitTests.swift */,
				740755AC1D5B39DA007F8225 /* RankTests.swift */,
				740755AE1D5B40FE007F8225 /* RuleTests.swift */,
				740755B01D5B4380007F8225 /* PyramidTests.swift */,
			);
			path = SmokeOrFireTests;
			sourceTree = "<group>";
		};
		743925021D56DE8700F1A17D /* Extensions */ = {
			isa = PBXGroup;
			children = (
				743925031D56DF2E00F1A17D /* Rank+exts.swift */,
				743925041D56DF2E00F1A17D /* Suit+exts.swift */,
				74626A691D5FB6D6006DADFA /* String+subscript.swift */,
				74175B551D605E90006A9AC7 /* UIImage+scaledToSize.swift */,
			);
			name = Extensions;
			sourceTree = "<group>";
		};
/* End PBXGroup section */

/* Begin PBXNativeTarget section */
		743924D31D569C0000F1A17D /* SmokeOrFire */ = {
			isa = PBXNativeTarget;
			buildConfigurationList = 743924E61D569C0000F1A17D /* Build configuration list for PBXNativeTarget "SmokeOrFire" */;
			buildPhases = (
				743924D01D569C0000F1A17D /* Sources */,
				743924D11D569C0000F1A17D /* Frameworks */,
				743924D21D569C0000F1A17D /* Resources */,
			);
			buildRules = (
			);
			dependencies = (
			);
			name = SmokeOrFire;
			productName = SmokeOrFire;
			productReference = 743924D41D569C0000F1A17D /* SmokeOrFire.app */;
			productType = "com.apple.product-type.application";
		};
		743924F01D56D98A00F1A17D /* SmokeOrFireTests */ = {
			isa = PBXNativeTarget;
			buildConfigurationList = 743924F81D56D98A00F1A17D /* Build configuration list for PBXNativeTarget "SmokeOrFireTests" */;
			buildPhases = (
				743924ED1D56D98A00F1A17D /* Sources */,
				743924EE1D56D98A00F1A17D /* Frameworks */,
				743924EF1D56D98A00F1A17D /* Resources */,
			);
			buildRules = (
			);
			dependencies = (
				743924F71D56D98A00F1A17D /* PBXTargetDependency */,
			);
			name = SmokeOrFireTests;
			productName = SmokeOrFireTests;
			productReference = 743924F11D56D98A00F1A17D /* SmokeOrFireTests.xctest */;
			productType = "com.apple.product-type.bundle.unit-test";
		};
/* End PBXNativeTarget section */

/* Begin PBXProject section */
		743924CC1D569C0000F1A17D /* Project object */ = {
			isa = PBXProject;
			attributes = {
				LastSwiftUpdateCheck = 0730;
				LastUpgradeCheck = 0730;
				ORGANIZATIONNAME = "Justin Lawrence Hester";
				TargetAttributes = {
					743924D31D569C0000F1A17D = {
						CreatedOnToolsVersion = 7.3.1;
					};
					743924F01D56D98A00F1A17D = {
						CreatedOnToolsVersion = 7.3.1;
						TestTargetID = 743924D31D569C0000F1A17D;
					};
				};
			};
			buildConfigurationList = 743924CF1D569C0000F1A17D /* Build configuration list for PBXProject "SmokeOrFire" */;
			compatibilityVersion = "Xcode 3.2";
			developmentRegion = English;
			hasScannedForEncodings = 0;
			knownRegions = (
				en,
				Base,
			);
			mainGroup = 743924CB1D569C0000F1A17D;
			productRefGroup = 743924D51D569C0000F1A17D /* Products */;
			projectDirPath = "";
			projectRoot = "";
			targets = (
				743924D31D569C0000F1A17D /* SmokeOrFire */,
				743924F01D56D98A00F1A17D /* SmokeOrFireTests */,
			);
		};
/* End PBXProject section */

/* Begin PBXResourcesBuildPhase section */
		743924D21D569C0000F1A17D /* Resources */ = {
			isa = PBXResourcesBuildPhase;
			buildActionMask = 2147483647;
			files = (
				743924E21D569C0000F1A17D /* LaunchScreen.storyboard in Resources */,
				743924DF1D569C0000F1A17D /* Assets.xcassets in Resources */,
				743924DD1D569C0000F1A17D /* Main.storyboard in Resources */,
				74ADE9241D5FFF1B00D7658B /* GameScene.sks in Resources */,
			);
			runOnlyForDeploymentPostprocessing = 0;
		};
		743924EF1D56D98A00F1A17D /* Resources */ = {
			isa = PBXResourcesBuildPhase;
			buildActionMask = 2147483647;
			files = (
			);
			runOnlyForDeploymentPostprocessing = 0;
		};
/* End PBXResourcesBuildPhase section */

/* Begin PBXSourcesBuildPhase section */
		743924D01D569C0000F1A17D /* Sources */ = {
			isa = PBXSourcesBuildPhase;
			buildActionMask = 2147483647;
			files = (
				B517B2D11D56ABB600455B4F /* Card.swift in Sources */,
				743925051D56DF2E00F1A17D /* Rank+exts.swift in Sources */,
				B521B0691D57F9B300AE097F /* CardsViewController.swift in Sources */,
				749D20741D57349900083E52 /* Pyramid.swift in Sources */,
				743924DA1D569C0000F1A17D /* ViewController.swift in Sources */,
				740755A51D5ACB3C007F8225 /* OptionsViewController.swift in Sources */,
				743925101D57012000F1A17D /* Round.swift in Sources */,
				74175B561D605E90006A9AC7 /* UIImage+scaledToSize.swift in Sources */,
				B5644F9C1D56F36400FB48BA /* Rule.swift in Sources */,
				74626A6A1D5FB6D6006DADFA /* String+subscript.swift in Sources */,
				749D207E1D57D65C00083E52 /* PyramidCell.swift in Sources */,
				74175B5A1D6122BD006A9AC7 /* StatusView.swift in Sources */,
				74ADE9221D5FFBB700D7658B /* GameScene.swift in Sources */,
				743925061D56DF2E00F1A17D /* Suit+exts.swift in Sources */,
				749D207A1D575A6100083E52 /* QuestionsViewController.swift in Sources */,
				B5644F981D56E28D00FB48BA /* Player.swift in Sources */,
				743925081D56E26A00F1A17D /* Deck.swift in Sources */,
				B517B2D31D56AE3E00455B4F /* Suit.swift in Sources */,
				B517B2D51D56D42C00455B4F /* Rank.swift in Sources */,
				743924D81D569C0000F1A17D /* AppDelegate.swift in Sources */,
				74175B581D61167E006A9AC7 /* ButtonView.swift in Sources */,
			);
			runOnlyForDeploymentPostprocessing = 0;
		};
		743924ED1D56D98A00F1A17D /* Sources */ = {
			isa = PBXSourcesBuildPhase;
			buildActionMask = 2147483647;
			files = (
				B5644F9A1D56EB1800FB48BA /* PlayerTests.swift in Sources */,
				7439250E1D56F95500F1A17D /* DeckTests.swift in Sources */,
				740755AB1D5B31A6007F8225 /* SuitTests.swift in Sources */,
				741668D51D571A090013437D /* RoundTests.swift in Sources */,
				743924FC1D56D9D500F1A17D /* CardTests.swift in Sources */,
				740755AF1D5B40FE007F8225 /* RuleTests.swift in Sources */,
				740755B11D5B4380007F8225 /* PyramidTests.swift in Sources */,
				740755AD1D5B39DA007F8225 /* RankTests.swift in Sources */,
			);
			runOnlyForDeploymentPostprocessing = 0;
		};
/* End PBXSourcesBuildPhase section */

/* Begin PBXTargetDependency section */
		743924F71D56D98A00F1A17D /* PBXTargetDependency */ = {
			isa = PBXTargetDependency;
			target = 743924D31D569C0000F1A17D /* SmokeOrFire */;
			targetProxy = 743924F61D56D98A00F1A17D /* PBXContainerItemProxy */;
		};
/* End PBXTargetDependency section */

/* Begin PBXVariantGroup section */
		743924DB1D569C0000F1A17D /* Main.storyboard */ = {
			isa = PBXVariantGroup;
			children = (
				743924DC1D569C0000F1A17D /* Base */,
			);
			name = Main.storyboard;
			sourceTree = "<group>";
		};
		743924E01D569C0000F1A17D /* LaunchScreen.storyboard */ = {
			isa = PBXVariantGroup;
			children = (
				743924E11D569C0000F1A17D /* Base */,
			);
			name = LaunchScreen.storyboard;
			sourceTree = "<group>";
		};
/* End PBXVariantGroup section */

/* Begin XCBuildConfiguration section */
		743924E41D569C0000F1A17D /* Debug */ = {
			isa = XCBuildConfiguration;
			buildSettings = {
				ALWAYS_SEARCH_USER_PATHS = NO;
				CLANG_ANALYZER_NONNULL = YES;
				CLANG_CXX_LANGUAGE_STANDARD = "gnu++0x";
				CLANG_CXX_LIBRARY = "libc++";
				CLANG_ENABLE_MODULES = YES;
				CLANG_ENABLE_OBJC_ARC = YES;
				CLANG_WARN_BOOL_CONVERSION = YES;
				CLANG_WARN_CONSTANT_CONVERSION = YES;
				CLANG_WARN_DIRECT_OBJC_ISA_USAGE = YES_ERROR;
				CLANG_WARN_EMPTY_BODY = YES;
				CLANG_WARN_ENUM_CONVERSION = YES;
				CLANG_WARN_INT_CONVERSION = YES;
				CLANG_WARN_OBJC_ROOT_CLASS = YES_ERROR;
				CLANG_WARN_UNREACHABLE_CODE = YES;
				CLANG_WARN__DUPLICATE_METHOD_MATCH = YES;
				"CODE_SIGN_IDENTITY[sdk=iphoneos*]" = "iPhone Developer";
				COPY_PHASE_STRIP = NO;
				DEBUG_INFORMATION_FORMAT = dwarf;
				ENABLE_STRICT_OBJC_MSGSEND = YES;
				ENABLE_TESTABILITY = YES;
				GCC_C_LANGUAGE_STANDARD = gnu99;
				GCC_DYNAMIC_NO_PIC = NO;
				GCC_NO_COMMON_BLOCKS = YES;
				GCC_OPTIMIZATION_LEVEL = 0;
				GCC_PREPROCESSOR_DEFINITIONS = (
					"DEBUG=1",
					"$(inherited)",
				);
				GCC_WARN_64_TO_32_BIT_CONVERSION = YES;
				GCC_WARN_ABOUT_RETURN_TYPE = YES_ERROR;
				GCC_WARN_UNDECLARED_SELECTOR = YES;
				GCC_WARN_UNINITIALIZED_AUTOS = YES_AGGRESSIVE;
				GCC_WARN_UNUSED_FUNCTION = YES;
				GCC_WARN_UNUSED_VARIABLE = YES;
				IPHONEOS_DEPLOYMENT_TARGET = 9.3;
				MTL_ENABLE_DEBUG_INFO = YES;
				ONLY_ACTIVE_ARCH = YES;
				SDKROOT = iphoneos;
				SWIFT_OPTIMIZATION_LEVEL = "-Onone";
				TARGETED_DEVICE_FAMILY = "1,2";
			};
			name = Debug;
		};
		743924E51D569C0000F1A17D /* Release */ = {
			isa = XCBuildConfiguration;
			buildSettings = {
				ALWAYS_SEARCH_USER_PATHS = NO;
				CLANG_ANALYZER_NONNULL = YES;
				CLANG_CXX_LANGUAGE_STANDARD = "gnu++0x";
				CLANG_CXX_LIBRARY = "libc++";
				CLANG_ENABLE_MODULES = YES;
				CLANG_ENABLE_OBJC_ARC = YES;
				CLANG_WARN_BOOL_CONVERSION = YES;
				CLANG_WARN_CONSTANT_CONVERSION = YES;
				CLANG_WARN_DIRECT_OBJC_ISA_USAGE = YES_ERROR;
				CLANG_WARN_EMPTY_BODY = YES;
				CLANG_WARN_ENUM_CONVERSION = YES;
				CLANG_WARN_INT_CONVERSION = YES;
				CLANG_WARN_OBJC_ROOT_CLASS = YES_ERROR;
				CLANG_WARN_UNREACHABLE_CODE = YES;
				CLANG_WARN__DUPLICATE_METHOD_MATCH = YES;
				"CODE_SIGN_IDENTITY[sdk=iphoneos*]" = "iPhone Developer";
				COPY_PHASE_STRIP = NO;
				DEBUG_INFORMATION_FORMAT = "dwarf-with-dsym";
				ENABLE_NS_ASSERTIONS = NO;
				ENABLE_STRICT_OBJC_MSGSEND = YES;
				GCC_C_LANGUAGE_STANDARD = gnu99;
				GCC_NO_COMMON_BLOCKS = YES;
				GCC_WARN_64_TO_32_BIT_CONVERSION = YES;
				GCC_WARN_ABOUT_RETURN_TYPE = YES_ERROR;
				GCC_WARN_UNDECLARED_SELECTOR = YES;
				GCC_WARN_UNINITIALIZED_AUTOS = YES_AGGRESSIVE;
				GCC_WARN_UNUSED_FUNCTION = YES;
				GCC_WARN_UNUSED_VARIABLE = YES;
				IPHONEOS_DEPLOYMENT_TARGET = 9.3;
				MTL_ENABLE_DEBUG_INFO = NO;
				SDKROOT = iphoneos;
				TARGETED_DEVICE_FAMILY = "1,2";
				VALIDATE_PRODUCT = YES;
			};
			name = Release;
		};
		743924E71D569C0000F1A17D /* Debug */ = {
			isa = XCBuildConfiguration;
			buildSettings = {
				ASSETCATALOG_COMPILER_APPICON_NAME = AppIcon;
				INFOPLIST_FILE = SmokeOrFire/Info.plist;
				LD_RUNPATH_SEARCH_PATHS = "$(inherited) @executable_path/Frameworks";
				PRODUCT_BUNDLE_IDENTIFIER = com.justinhester.SmokeOrFire;
				PRODUCT_NAME = "$(TARGET_NAME)";
			};
			name = Debug;
		};
		743924E81D569C0000F1A17D /* Release */ = {
			isa = XCBuildConfiguration;
			buildSettings = {
				ASSETCATALOG_COMPILER_APPICON_NAME = AppIcon;
				INFOPLIST_FILE = SmokeOrFire/Info.plist;
				LD_RUNPATH_SEARCH_PATHS = "$(inherited) @executable_path/Frameworks";
				PRODUCT_BUNDLE_IDENTIFIER = com.justinhester.SmokeOrFire;
				PRODUCT_NAME = "$(TARGET_NAME)";
			};
			name = Release;
		};
		743924F91D56D98A00F1A17D /* Debug */ = {
			isa = XCBuildConfiguration;
			buildSettings = {
				BUNDLE_LOADER = "$(TEST_HOST)";
				INFOPLIST_FILE = SmokeOrFireTests/Info.plist;
				LD_RUNPATH_SEARCH_PATHS = "$(inherited) @executable_path/Frameworks @loader_path/Frameworks";
				PRODUCT_BUNDLE_IDENTIFIER = com.justinhester.SmokeOrFireTests;
				PRODUCT_NAME = "$(TARGET_NAME)";
				TEST_HOST = "$(BUILT_PRODUCTS_DIR)/SmokeOrFire.app/SmokeOrFire";
			};
			name = Debug;
		};
		743924FA1D56D98A00F1A17D /* Release */ = {
			isa = XCBuildConfiguration;
			buildSettings = {
				BUNDLE_LOADER = "$(TEST_HOST)";
				INFOPLIST_FILE = SmokeOrFireTests/Info.plist;
				LD_RUNPATH_SEARCH_PATHS = "$(inherited) @executable_path/Frameworks @loader_path/Frameworks";
				PRODUCT_BUNDLE_IDENTIFIER = com.justinhester.SmokeOrFireTests;
				PRODUCT_NAME = "$(TARGET_NAME)";
				TEST_HOST = "$(BUILT_PRODUCTS_DIR)/SmokeOrFire.app/SmokeOrFire";
			};
			name = Release;
		};
/* End XCBuildConfiguration section */

/* Begin XCConfigurationList section */
		743924CF1D569C0000F1A17D /* Build configuration list for PBXProject "SmokeOrFire" */ = {
			isa = XCConfigurationList;
			buildConfigurations = (
				743924E41D569C0000F1A17D /* Debug */,
				743924E51D569C0000F1A17D /* Release */,
			);
			defaultConfigurationIsVisible = 0;
			defaultConfigurationName = Release;
		};
		743924E61D569C0000F1A17D /* Build configuration list for PBXNativeTarget "SmokeOrFire" */ = {
			isa = XCConfigurationList;
			buildConfigurations = (
				743924E71D569C0000F1A17D /* Debug */,
				743924E81D569C0000F1A17D /* Release */,
			);
			defaultConfigurationIsVisible = 0;
			defaultConfigurationName = Release;
		};
		743924F81D56D98A00F1A17D /* Build configuration list for PBXNativeTarget "SmokeOrFireTests" */ = {
			isa = XCConfigurationList;
			buildConfigurations = (
				743924F91D56D98A00F1A17D /* Debug */,
				743924FA1D56D98A00F1A17D /* Release */,
			);
			defaultConfigurationIsVisible = 0;
			defaultConfigurationName = Release;
		};
/* End XCConfigurationList section */
	};
	rootObject = 743924CC1D569C0000F1A17D /* Project object */;
}
